
Microsoft Visual Studio Solution File, Format Version 12.00
# Visual Studio Version 17
VisualStudioVersion = 17.14.37328.6 d17.14
MinimumVisualStudioVersion = 10.0.40219.1
Project("{FAE04EC0-301F-11D3-BF4B-00C04F79EFBC}") = "zadanie2", "zadanie2\zadanie2.csproj", "{CDBF6BBF-228D-4F1B-A742-03FB1E859450}"
EndProject
Global
	GlobalSection(SolutionConfigurationPlatforms) = preSolution
		Debug|Any CPU = Debug|Any CPU
		Release|Any CPU = Release|Any CPU
	EndGlobalSection
	GlobalSection(ProjectConfigurationPlatforms) = postSolution
		{CDBF6BBF-228D-4F1B-A742-03FB1E859450}.Debug|Any CPU.ActiveCfg = Debug|Any CPU
		{CDBF6BBF-228D-4F1B-A742-03FB1E859450}.Debug|Any CPU.Build.0 = Debug|Any CPU
		{CDBF6BBF-228D-4F1B-A742-03FB1E859450}.Release|Any CPU.ActiveCfg = Release|Any CPU
		{CDBF6BBF-228D-4F1B-A742-03FB1E859450}.Release|Any CPU.Build.0 = Release|Any CPU
	EndGlobalSection
	GlobalSection(SolutionProperties) = preSolution
		HideSolutionNode = FALSE
	EndGlobalSection
	GlobalSection(ExtensibilityGlobals) = postSolution
		SolutionGuid = {A1CBF85D-4A90-4E79-B3D9-E08AF0F94924}
	EndGlobalSection
EndGlobal
